
Microsoft Visual Studio Solution File, Format Version 12.00
# Visual Studio Version 16
VisualStudioVersion = 16.0.33423.256
MinimumVisualStudioVersion = 10.0.40219.1
Project("{FAE04EC0-301F-11D3-BF4B-00C04F79EFBC}") = "ChatClient", "ChatUserApp\ChatClient.csproj", "{FEA7007C-C377-4C93-9A1B-3BDE02284A27}"
EndProject
Project("{FAE04EC0-301F-11D3-BF4B-00C04F79EFBC}") = "ChatServer", "ChatServer\ChatServer.csproj", "{7011B6E4-2C84-4257-A411-5A8B6CB47339}"
EndProject
Global
	GlobalSection(SolutionConfigurationPlatforms) = preSolution
		Debug|Any CPU = Debug|Any CPU
		Release|Any CPU = Release|Any CPU
	EndGlobalSection
	GlobalSection(ProjectConfigurationPlatforms) = postSolution
		{FEA7007C-C377-4C93-9A1B-3BDE02284A27}.Debug|Any CPU.ActiveCfg = Debug|Any CPU
		{FEA7007C-C377-4C93-9A1B-3BDE02284A27}.Debug|Any CPU.Build.0 = Debug|Any CPU
		{FEA7007C-C377-4C93-9A1B-3BDE02284A27}.Release|Any CPU.ActiveCfg = Release|Any CPU
		{FEA7007C-C377-4C93-9A1B-3BDE02284A27}.Release|Any CPU.Build.0 = Release|Any CPU
		{7011B6E4-2C84-4257-A411-5A8B6CB47339}.Debug|Any CPU.ActiveCfg = Debug|Any CPU
		{7011B6E4-2C84-4257-A411-5A8B6CB47339}.Debug|Any CPU.Build.0 = Debug|Any CPU
		{7011B6E4-2C84-4257-A411-5A8B6CB47339}.Release|Any CPU.ActiveCfg = Release|Any CPU
		{7011B6E4-2C84-4257-A411-5A8B6CB47339}.Release|Any CPU.Build.0 = Release|Any CPU
	EndGlobalSection
	GlobalSection(SolutionProperties) = preSolution
		HideSolutionNode = FALSE
	EndGlobalSection
	GlobalSection(ExtensibilityGlobals) = postSolution
		SolutionGuid = {31EAD1E2-241C-45B8-B454-CB25EAD5CE53}
	EndGlobalSection
EndGlobal
